// !$*UTF8*$!
{
	archiveVersion = 1;
	classes = {
	};
	objectVersion = 56;
	objects = {

/* Begin PBXBuildFile section */
		014E14DC28E9292900786655 /* Dota_Heroes_SwiftUIApp.swift in Sources */ = {isa = PBXBuildFile; fileRef = 014E14DB28E9292900786655 /* Dota_Heroes_SwiftUIApp.swift */; };
		014E14DE28E9292900786655 /* ContentView.swift in Sources */ = {isa = PBXBuildFile; fileRef = 014E14DD28E9292900786655 /* ContentView.swift */; };
		014E14E028E9292A00786655 /* Assets.xcassets in Resources */ = {isa = PBXBuildFile; fileRef = 014E14DF28E9292A00786655 /* Assets.xcassets */; };
		014E14E328E9292A00786655 /* Preview Assets.xcassets in Resources */ = {isa = PBXBuildFile; fileRef = 014E14E228E9292A00786655 /* Preview Assets.xcassets */; };
		014E14ED28E9292A00786655 /* Dota_Heroes_SwiftUITests.swift in Sources */ = {isa = PBXBuildFile; fileRef = 014E14EC28E9292A00786655 /* Dota_Heroes_SwiftUITests.swift */; };
		014E14F728E9292A00786655 /* Dota_Heroes_SwiftUIUITests.swift in Sources */ = {isa = PBXBuildFile; fileRef = 014E14F628E9292A00786655 /* Dota_Heroes_SwiftUIUITests.swift */; };
		014E14F928E9292A00786655 /* Dota_Heroes_SwiftUIUITestsLaunchTests.swift in Sources */ = {isa = PBXBuildFile; fileRef = 014E14F828E9292A00786655 /* Dota_Heroes_SwiftUIUITestsLaunchTests.swift */; };
		014E153A28E92C2A00786655 /* Dictionary+index.swift in Sources */ = {isa = PBXBuildFile; fileRef = 014E152928E92C2A00786655 /* Dictionary+index.swift */; };
		014E153B28E92C2A00786655 /* UserDefaults.swift in Sources */ = {isa = PBXBuildFile; fileRef = 014E152A28E92C2A00786655 /* UserDefaults.swift */; };
		014E153C28E92C2A00786655 /* Networker.swift in Sources */ = {isa = PBXBuildFile; fileRef = 014E152C28E92C2A00786655 /* Networker.swift */; };
		014E153D28E92C2A00786655 /* NetworkFactory.swift in Sources */ = {isa = PBXBuildFile; fileRef = 014E152D28E92C2A00786655 /* NetworkFactory.swift */; };
		014E153E28E92C2A00786655 /* NetworkError.swift in Sources */ = {isa = PBXBuildFile; fileRef = 014E152E28E92C2A00786655 /* NetworkError.swift */; };
		014E153F28E92C2A00786655 /* Transaction.swift in Sources */ = {isa = PBXBuildFile; fileRef = 014E153128E92C2A00786655 /* Transaction.swift */; };
		014E154028E92C2A00786655 /* UserModel.swift in Sources */ = {isa = PBXBuildFile; fileRef = 014E153328E92C2A00786655 /* UserModel.swift */; };
		014E154128E92C2A00786655 /* FeedModel.swift in Sources */ = {isa = PBXBuildFile; fileRef = 014E153428E92C2A00786655 /* FeedModel.swift */; };
		014E154228E92C2A00786655 /* DotaModel.swift in Sources */ = {isa = PBXBuildFile; fileRef = 014E153628E92C2A00786655 /* DotaModel.swift */; };
		014E154328E92C2A00786655 /* HomeServices.swift in Sources */ = {isa = PBXBuildFile; fileRef = 014E153828E92C2A00786655 /* HomeServices.swift */; };
		014E154428E92C2A00786655 /* DotaServices.swift in Sources */ = {isa = PBXBuildFile; fileRef = 014E153928E92C2A00786655 /* DotaServices.swift */; };
		014E154628E93FC600786655 /* DotaHeroesDetail.swift in Sources */ = {isa = PBXBuildFile; fileRef = 014E154528E93FC600786655 /* DotaHeroesDetail.swift */; };
/* End PBXBuildFile section */

/* Begin PBXContainerItemProxy section */
		014E14E928E9292A00786655 /* PBXContainerItemProxy */ = {
			isa = PBXContainerItemProxy;
			containerPortal = 014E14D028E9292900786655 /* Project object */;
			proxyType = 1;
			remoteGlobalIDString = 014E14D728E9292900786655;
			remoteInfo = "Dota Heroes SwiftUI";
		};
		014E14F328E9292A00786655 /* PBXContainerItemProxy */ = {
			isa = PBXContainerItemProxy;
			containerPortal = 014E14D028E9292900786655 /* Project object */;
			proxyType = 1;
			remoteGlobalIDString = 014E14D728E9292900786655;
			remoteInfo = "Dota Heroes SwiftUI";
		};
/* End PBXContainerItemProxy section */

/* Begin PBXFileReference section */
		014E14D828E9292900786655 /* Dota Heroes SwiftUI.app */ = {isa = PBXFileReference; explicitFileType = wrapper.application; includeInIndex = 0; path = "Dota Heroes SwiftUI.app"; sourceTree = BUILT_PRODUCTS_DIR; };
		014E14DB28E9292900786655 /* Dota_Heroes_SwiftUIApp.swift */ = {isa = PBXFileReference; lastKnownFileType = sourcecode.swift; path = Dota_Heroes_SwiftUIApp.swift; sourceTree = "<group>"; };
		014E14DD28E9292900786655 /* ContentView.swift */ = {isa = PBXFileReference; lastKnownFileType = sourcecode.swift; path = ContentView.swift; sourceTree = "<group>"; };
		014E14DF28E9292A00786655 /* Assets.xcassets */ = {isa = PBXFileReference; lastKnownFileType = folder.assetcatalog; path = Assets.xcassets; sourceTree = "<group>"; };
		014E14E228E9292A00786655 /* Preview Assets.xcassets */ = {isa = PBXFileReference; lastKnownFileType = folder.assetcatalog; path = "Preview Assets.xcassets"; sourceTree = "<group>"; };
		014E14E828E9292A00786655 /* Dota Heroes SwiftUITests.xctest */ = {isa = PBXFileReference; explicitFileType = wrapper.cfbundle; includeInIndex = 0; path = "Dota Heroes SwiftUITests.xctest"; sourceTree = BUILT_PRODUCTS_DIR; };
		014E14EC28E9292A00786655 /* Dota_Heroes_SwiftUITests.swift */ = {isa = PBXFileReference; lastKnownFileType = sourcecode.swift; path = Dota_Heroes_SwiftUITests.swift; sourceTree = "<group>"; };
		014E14F228E9292A00786655 /* Dota Heroes SwiftUIUITests.xctest */ = {isa = PBXFileReference; explicitFileType = wrapper.cfbundle; includeInIndex = 0; path = "Dota Heroes SwiftUIUITests.xctest"; sourceTree = BUILT_PRODUCTS_DIR; };
		014E14F628E9292A00786655 /* Dota_Heroes_SwiftUIUITests.swift */ = {isa = PBXFileReference; lastKnownFileType = sourcecode.swift; path = Dota_Heroes_SwiftUIUITests.swift; sourceTree = "<group>"; };
		014E14F828E9292A00786655 /* Dota_Heroes_SwiftUIUITestsLaunchTests.swift */ = {isa = PBXFileReference; lastKnownFileType = sourcecode.swift; path = Dota_Heroes_SwiftUIUITestsLaunchTests.swift; sourceTree = "<group>"; };
		014E152928E92C2A00786655 /* Dictionary+index.swift */ = {isa = PBXFileReference; fileEncoding = 4; lastKnownFileType = sourcecode.swift; path = "Dictionary+index.swift"; sourceTree = "<group>"; };
		014E152A28E92C2A00786655 /* UserDefaults.swift */ = {isa = PBXFileReference; fileEncoding = 4; lastKnownFileType = sourcecode.swift; path = UserDefaults.swift; sourceTree = "<group>"; };
		014E152C28E92C2A00786655 /* Networker.swift */ = {isa = PBXFileReference; fileEncoding = 4; lastKnownFileType = sourcecode.swift; path = Networker.swift; sourceTree = "<group>"; };
		014E152D28E92C2A00786655 /* NetworkFactory.swift */ = {isa = PBXFileReference; fileEncoding = 4; lastKnownFileType = sourcecode.swift; path = NetworkFactory.swift; sourceTree = "<group>"; };
		014E152E28E92C2A00786655 /* NetworkError.swift */ = {isa = PBXFileReference; fileEncoding = 4; lastKnownFileType = sourcecode.swift; path = NetworkError.swift; sourceTree = "<group>"; };
		014E153128E92C2A00786655 /* Transaction.swift */ = {isa = PBXFileReference; fileEncoding = 4; lastKnownFileType = sourcecode.swift; path = Transaction.swift; sourceTree = "<group>"; };
		014E153328E92C2A00786655 /* UserModel.swift */ = {isa = PBXFileReference; fileEncoding = 4; lastKnownFileType = sourcecode.swift; path = UserModel.swift; sourceTree = "<group>"; };
		014E153428E92C2A00786655 /* FeedModel.swift */ = {isa = PBXFileReference; fileEncoding = 4; lastKnownFileType = sourcecode.swift; path = FeedModel.swift; sourceTree = "<group>"; };
		014E153628E92C2A00786655 /* DotaModel.swift */ = {isa = PBXFileReference; fileEncoding = 4; lastKnownFileType = sourcecode.swift; path = DotaModel.swift; sourceTree = "<group>"; };
		014E153828E92C2A00786655 /* HomeServices.swift */ = {isa = PBXFileReference; fileEncoding = 4; lastKnownFileType = sourcecode.swift; path = HomeServices.swift; sourceTree = "<group>"; };
		014E153928E92C2A00786655 /* DotaServices.swift */ = {isa = PBXFileReference; fileEncoding = 4; lastKnownFileType = sourcecode.swift; path = DotaServices.swift; sourceTree = "<group>"; };
		014E154528E93FC600786655 /* DotaHeroesDetail.swift */ = {isa = PBXFileReference; lastKnownFileType = sourcecode.swift; path = DotaHeroesDetail.swift; sourceTree = "<group>"; };
/* End PBXFileReference section */

/* Begin PBXFrameworksBuildPhase section */
		014E14D528E9292900786655 /* Frameworks */ = {
			isa = PBXFrameworksBuildPhase;
			buildActionMask = 2147483647;
			files = (
			);
			runOnlyForDeploymentPostprocessing = 0;
		};
		014E14E528E9292A00786655 /* Frameworks */ = {
			isa = PBXFrameworksBuildPhase;
			buildActionMask = 2147483647;
			files = (
			);
			runOnlyForDeploymentPostprocessing = 0;
		};
		014E14EF28E9292A00786655 /* Frameworks */ = {
			isa = PBXFrameworksBuildPhase;
			buildActionMask = 2147483647;
			files = (
			);
			runOnlyForDeploymentPostprocessing = 0;
		};
/* End PBXFrameworksBuildPhase section */

/* Begin PBXGroup section */
		014E14CF28E9292900786655 = {
			isa = PBXGroup;
			children = (
				014E14DA28E9292900786655 /* Dota Heroes SwiftUI */,
				014E14EB28E9292A00786655 /* Dota Heroes SwiftUITests */,
				014E14F528E9292A00786655 /* Dota Heroes SwiftUIUITests */,
				014E14D928E9292900786655 /* Products */,
			);
			sourceTree = "<group>";
		};
		014E14D928E9292900786655 /* Products */ = {
			isa = PBXGroup;
			children = (
				014E14D828E9292900786655 /* Dota Heroes SwiftUI.app */,
				014E14E828E9292A00786655 /* Dota Heroes SwiftUITests.xctest */,
				014E14F228E9292A00786655 /* Dota Heroes SwiftUIUITests.xctest */,
			);
			name = Products;
			sourceTree = "<group>";
		};
		014E14DA28E9292900786655 /* Dota Heroes SwiftUI */ = {
			isa = PBXGroup;
			children = (
				014E152828E92C2A00786655 /* Extension */,
				014E152728E92C2A00786655 /* Domainless */,
				014E14DB28E9292900786655 /* Dota_Heroes_SwiftUIApp.swift */,
				014E154528E93FC600786655 /* DotaHeroesDetail.swift */,
				014E14DD28E9292900786655 /* ContentView.swift */,
				014E14DF28E9292A00786655 /* Assets.xcassets */,
				014E14E128E9292A00786655 /* Preview Content */,
			);
			path = "Dota Heroes SwiftUI";
			sourceTree = "<group>";
		};
		014E14E128E9292A00786655 /* Preview Content */ = {
			isa = PBXGroup;
			children = (
				014E14E228E9292A00786655 /* Preview Assets.xcassets */,
			);
			path = "Preview Content";
			sourceTree = "<group>";
		};
		014E14EB28E9292A00786655 /* Dota Heroes SwiftUITests */ = {
			isa = PBXGroup;
			children = (
				014E14EC28E9292A00786655 /* Dota_Heroes_SwiftUITests.swift */,
			);
			path = "Dota Heroes SwiftUITests";
			sourceTree = "<group>";
		};
		014E14F528E9292A00786655 /* Dota Heroes SwiftUIUITests */ = {
			isa = PBXGroup;
			children = (
				014E14F628E9292A00786655 /* Dota_Heroes_SwiftUIUITests.swift */,
				014E14F828E9292A00786655 /* Dota_Heroes_SwiftUIUITestsLaunchTests.swift */,
			);
			path = "Dota Heroes SwiftUIUITests";
			sourceTree = "<group>";
		};
		014E152728E92C2A00786655 /* Domainless */ = {
			isa = PBXGroup;
			children = (
				014E152B28E92C2A00786655 /* Networking */,
				014E152F28E92C2A00786655 /* Model */,
				014E153728E92C2A00786655 /* Services */,
			);
			path = Domainless;
			sourceTree = "<group>";
		};
		014E152828E92C2A00786655 /* Extension */ = {
			isa = PBXGroup;
			children = (
				014E152928E92C2A00786655 /* Dictionary+index.swift */,
				014E152A28E92C2A00786655 /* UserDefaults.swift */,
			);
			path = Extension;
			sourceTree = "<group>";
		};
		014E152B28E92C2A00786655 /* Networking */ = {
			isa = PBXGroup;
			children = (
				014E152C28E92C2A00786655 /* Networker.swift */,
				014E152D28E92C2A00786655 /* NetworkFactory.swift */,
				014E152E28E92C2A00786655 /* NetworkError.swift */,
			);
			path = Networking;
			sourceTree = "<group>";
		};
		014E152F28E92C2A00786655 /* Model */ = {
			isa = PBXGroup;
			children = (
				014E153028E92C2A00786655 /* Transaction */,
				014E153228E92C2A00786655 /* Home */,
				014E153528E92C2A00786655 /* Dota */,
			);
			path = Model;
			sourceTree = "<group>";
		};
		014E153028E92C2A00786655 /* Transaction */ = {
			isa = PBXGroup;
			children = (
				014E153128E92C2A00786655 /* Transaction.swift */,
			);
			path = Transaction;
			sourceTree = "<group>";
		};
		014E153228E92C2A00786655 /* Home */ = {
			isa = PBXGroup;
			children = (
				014E153328E92C2A00786655 /* UserModel.swift */,
				014E153428E92C2A00786655 /* FeedModel.swift */,
			);
			path = Home;
			sourceTree = "<group>";
		};
		014E153528E92C2A00786655 /* Dota */ = {
			isa = PBXGroup;
			children = (
				014E153628E92C2A00786655 /* DotaModel.swift */,
			);
			path = Dota;
			sourceTree = "<group>";
		};
		014E153728E92C2A00786655 /* Services */ = {
			isa = PBXGroup;
			children = (
				014E153828E92C2A00786655 /* HomeServices.swift */,
				014E153928E92C2A00786655 /* DotaServices.swift */,
			);
			path = Services;
			sourceTree = "<group>";
		};
/* End PBXGroup section */

/* Begin PBXNativeTarget section */
		014E14D728E9292900786655 /* Dota Heroes SwiftUI */ = {
			isa = PBXNativeTarget;
			buildConfigurationList = 014E14FC28E9292A00786655 /* Build configuration list for PBXNativeTarget "Dota Heroes SwiftUI" */;
			buildPhases = (
				014E14D428E9292900786655 /* Sources */,
				014E14D528E9292900786655 /* Frameworks */,
				014E14D628E9292900786655 /* Resources */,
			);
			buildRules = (
			);
			dependencies = (
			);
			name = "Dota Heroes SwiftUI";
			productName = "Dota Heroes SwiftUI";
			productReference = 014E14D828E9292900786655 /* Dota Heroes SwiftUI.app */;
			productType = "com.apple.product-type.application";
		};
		014E14E728E9292A00786655 /* Dota Heroes SwiftUITests */ = {
			isa = PBXNativeTarget;
			buildConfigurationList = 014E14FF28E9292A00786655 /* Build configuration list for PBXNativeTarget "Dota Heroes SwiftUITests" */;
			buildPhases = (
				014E14E428E9292A00786655 /* Sources */,
				014E14E528E9292A00786655 /* Frameworks */,
				014E14E628E9292A00786655 /* Resources */,
			);
			buildRules = (
			);
			dependencies = (
				014E14EA28E9292A00786655 /* PBXTargetDependency */,
			);
			name = "Dota Heroes SwiftUITests";
			productName = "Dota Heroes SwiftUITests";
			productReference = 014E14E828E9292A00786655 /* Dota Heroes SwiftUITests.xctest */;
			productType = "com.apple.product-type.bundle.unit-test";
		};
		014E14F128E9292A00786655 /* Dota Heroes SwiftUIUITests */ = {
			isa = PBXNativeTarget;
			buildConfigurationList = 014E150228E9292A00786655 /* Build configuration list for PBXNativeTarget "Dota Heroes SwiftUIUITests" */;
			buildPhases = (
				014E14EE28E9292A00786655 /* Sources */,
				014E14EF28E9292A00786655 /* Frameworks */,
				014E14F028E9292A00786655 /* Resources */,
			);
			buildRules = (
			);
			dependencies = (
				014E14F428E9292A00786655 /* PBXTargetDependency */,
			);
			name = "Dota Heroes SwiftUIUITests";
			productName = "Dota Heroes SwiftUIUITests";
			productReference = 014E14F228E9292A00786655 /* Dota Heroes SwiftUIUITests.xctest */;
			productType = "com.apple.product-type.bundle.ui-testing";
		};
/* End PBXNativeTarget section */

/* Begin PBXProject section */
		014E14D028E9292900786655 /* Project object */ = {
			isa = PBXProject;
			attributes = {
				BuildIndependentTargetsInParallel = 1;
				LastSwiftUpdateCheck = 1400;
				LastUpgradeCheck = 1400;
				TargetAttributes = {
					014E14D728E9292900786655 = {
						CreatedOnToolsVersion = 14.0;
					};
					014E14E728E9292A00786655 = {
						CreatedOnToolsVersion = 14.0;
						TestTargetID = 014E14D728E9292900786655;
					};
					014E14F128E9292A00786655 = {
						CreatedOnToolsVersion = 14.0;
						TestTargetID = 014E14D728E9292900786655;
					};
				};
			};
			buildConfigurationList = 014E14D328E9292900786655 /* Build configuration list for PBXProject "Dota Heroes SwiftUI" */;
			compatibilityVersion = "Xcode 14.0";
			developmentRegion = en;
			hasScannedForEncodings = 0;
			knownRegions = (
				en,
				Base,
			);
			mainGroup = 014E14CF28E9292900786655;
			productRefGroup = 014E14D928E9292900786655 /* Products */;
			projectDirPath = "";
			projectRoot = "";
			targets = (
				014E14D728E9292900786655 /* Dota Heroes SwiftUI */,
				014E14E728E9292A00786655 /* Dota Heroes SwiftUITests */,
				014E14F128E9292A00786655 /* Dota Heroes SwiftUIUITests */,
			);
		};
/* End PBXProject section */

/* Begin PBXResourcesBuildPhase section */
		014E14D628E9292900786655 /* Resources */ = {
			isa = PBXResourcesBuildPhase;
			buildActionMask = 2147483647;
			files = (
				014E14E328E9292A00786655 /* Preview Assets.xcassets in Resources */,
				014E14E028E9292A00786655 /* Assets.xcassets in Resources */,
			);
			runOnlyForDeploymentPostprocessing = 0;
		};
		014E14E628E9292A00786655 /* Resources */ = {
			isa = PBXResourcesBuildPhase;
			buildActionMask = 2147483647;
			files = (
			);
			runOnlyForDeploymentPostprocessing = 0;
		};
		014E14F028E9292A00786655 /* Resources */ = {
			isa = PBXResourcesBuildPhase;
			buildActionMask = 2147483647;
			files = (
			);
			runOnlyForDeploymentPostprocessing = 0;
		};
/* End PBXResourcesBuildPhase section */

/* Begin PBXSourcesBuildPhase section */
		014E14D428E9292900786655 /* Sources */ = {
			isa = PBXSourcesBuildPhase;
			buildActionMask = 2147483647;
			files = (
				014E153C28E92C2A00786655 /* Networker.swift in Sources */,
				014E153E28E92C2A00786655 /* NetworkError.swift in Sources */,
				014E153F28E92C2A00786655 /* Transaction.swift in Sources */,
				014E153B28E92C2A00786655 /* UserDefaults.swift in Sources */,
				014E154428E92C2A00786655 /* DotaServices.swift in Sources */,
				014E154228E92C2A00786655 /* DotaModel.swift in Sources */,
				014E153A28E92C2A00786655 /* Dictionary+index.swift in Sources */,
				014E154328E92C2A00786655 /* HomeServices.swift in Sources */,
				014E153D28E92C2A00786655 /* NetworkFactory.swift in Sources */,
				014E14DE28E9292900786655 /* ContentView.swift in Sources */,
				014E154128E92C2A00786655 /* FeedModel.swift in Sources */,
				014E154028E92C2A00786655 /* UserModel.swift in Sources */,
				014E154628E93FC600786655 /* DotaHeroesDetail.swift in Sources */,
				014E14DC28E9292900786655 /* Dota_Heroes_SwiftUIApp.swift in Sources */,
			);
			runOnlyForDeploymentPostprocessing = 0;
		};
		014E14E428E9292A00786655 /* Sources */ = {
			isa = PBXSourcesBuildPhase;
			buildActionMask = 2147483647;
			files = (
				014E14ED28E9292A00786655 /* Dota_Heroes_SwiftUITests.swift in Sources */,
			);
			runOnlyForDeploymentPostprocessing = 0;
		};
		014E14EE28E9292A00786655 /* Sources */ = {
			isa = PBXSourcesBuildPhase;
			buildActionMask = 2147483647;
			files = (
				014E14F928E9292A00786655 /* Dota_Heroes_SwiftUIUITestsLaunchTests.swift in Sources */,
				014E14F728E9292A00786655 /* Dota_Heroes_SwiftUIUITests.swift in Sources */,
			);
			runOnlyForDeploymentPostprocessing = 0;
		};
/* End PBXSourcesBuildPhase section */

/* Begin PBXTargetDependency section */
		014E14EA28E9292A00786655 /* PBXTargetDependency */ = {
			isa = PBXTargetDependency;
			target = 014E14D728E9292900786655 /* Dota Heroes SwiftUI */;
			targetProxy = 014E14E928E9292A00786655 /* PBXContainerItemProxy */;
		};
		014E14F428E9292A00786655 /* PBXTargetDependency */ = {
			isa = PBXTargetDependency;
			target = 014E14D728E9292900786655 /* Dota Heroes SwiftUI */;
			targetProxy = 014E14F328E9292A00786655 /* PBXContainerItemProxy */;
		};
/* End PBXTargetDependency section */

/* Begin XCBuildConfiguration section */
		014E14FA28E9292A00786655 /* Debug */ = {
			isa = XCBuildConfiguration;
			buildSettings = {
				ALWAYS_SEARCH_USER_PATHS = NO;
				CLANG_ANALYZER_NONNULL = YES;
				CLANG_ANALYZER_NUMBER_OBJECT_CONVERSION = YES_AGGRESSIVE;
				CLANG_CXX_LANGUAGE_STANDARD = "gnu++20";
				CLANG_ENABLE_MODULES = YES;
				CLANG_ENABLE_OBJC_ARC = YES;
				CLANG_ENABLE_OBJC_WEAK = YES;
				CLANG_WARN_BLOCK_CAPTURE_AUTORELEASING = YES;
				CLANG_WARN_BOOL_CONVERSION = YES;
				CLANG_WARN_COMMA = YES;
				CLANG_WARN_CONSTANT_CONVERSION = YES;
				CLANG_WARN_DEPRECATED_OBJC_IMPLEMENTATIONS = YES;
				CLANG_WARN_DIRECT_OBJC_ISA_USAGE = YES_ERROR;
				CLANG_WARN_DOCUMENTATION_COMMENTS = YES;
				CLANG_WARN_EMPTY_BODY = YES;
				CLANG_WARN_ENUM_CONVERSION = YES;
				CLANG_WARN_INFINITE_RECURSION = YES;
				CLANG_WARN_INT_CONVERSION = YES;
				CLANG_WARN_NON_LITERAL_NULL_CONVERSION = YES;
				CLANG_WARN_OBJC_IMPLICIT_RETAIN_SELF = YES;
				CLANG_WARN_OBJC_LITERAL_CONVERSION = YES;
				CLANG_WARN_OBJC_ROOT_CLASS = YES_ERROR;
				CLANG_WARN_QUOTED_INCLUDE_IN_FRAMEWORK_HEADER = YES;
				CLANG_WARN_RANGE_LOOP_ANALYSIS = YES;
				CLANG_WARN_STRICT_PROTOTYPES = YES;
				CLANG_WARN_SUSPICIOUS_MOVE = YES;
				CLANG_WARN_UNGUARDED_AVAILABILITY = YES_AGGRESSIVE;
				CLANG_WARN_UNREACHABLE_CODE = YES;
				CLANG_WARN__DUPLICATE_METHOD_MATCH = YES;
				COPY_PHASE_STRIP = NO;
				DEBUG_INFORMATION_FORMAT = dwarf;
				ENABLE_STRICT_OBJC_MSGSEND = YES;
				ENABLE_TESTABILITY = YES;
				GCC_C_LANGUAGE_STANDARD = gnu11;
				GCC_DYNAMIC_NO_PIC = NO;
				GCC_NO_COMMON_BLOCKS = YES;
				GCC_OPTIMIZATION_LEVEL = 0;
				GCC_PREPROCESSOR_DEFINITIONS = (
					"DEBUG=1",
					"$(inherited)",
				);
				GCC_WARN_64_TO_32_BIT_CONVERSION = YES;
				GCC_WARN_ABOUT_RETURN_TYPE = YES_ERROR;
				GCC_WARN_UNDECLARED_SELECTOR = YES;
				GCC_WARN_UNINITIALIZED_AUTOS = YES_AGGRESSIVE;
				GCC_WARN_UNUSED_FUNCTION = YES;
				GCC_WARN_UNUSED_VARIABLE = YES;
				IPHONEOS_DEPLOYMENT_TARGET = 16.0;
				MTL_ENABLE_DEBUG_INFO = INCLUDE_SOURCE;
				MTL_FAST_MATH = YES;
				ONLY_ACTIVE_ARCH = YES;
				SDKROOT = iphoneos;
				SWIFT_ACTIVE_COMPILATION_CONDITIONS = DEBUG;
				SWIFT_OPTIMIZATION_LEVEL = "-Onone";
			};
			name = Debug;
		};
		014E14FB28E9292A00786655 /* Release */ = {
			isa = XCBuildConfiguration;
			buildSettings = {
				ALWAYS_SEARCH_USER_PATHS = NO;
				CLANG_ANALYZER_NONNULL = YES;
				CLANG_ANALYZER_NUMBER_OBJECT_CONVERSION = YES_AGGRESSIVE;
				CLANG_CXX_LANGUAGE_STANDARD = "gnu++20";
				CLANG_ENABLE_MODULES = YES;
				CLANG_ENABLE_OBJC_ARC = YES;
				CLANG_ENABLE_OBJC_WEAK = YES;
				CLANG_WARN_BLOCK_CAPTURE_AUTORELEASING = YES;
				CLANG_WARN_BOOL_CONVERSION = YES;
				CLANG_WARN_COMMA = YES;
				CLANG_WARN_CONSTANT_CONVERSION = YES;
				CLANG_WARN_DEPRECATED_OBJC_IMPLEMENTATIONS = YES;
				CLANG_WARN_DIRECT_OBJC_ISA_USAGE = YES_ERROR;
				CLANG_WARN_DOCUMENTATION_COMMENTS = YES;
				CLANG_WARN_EMPTY_BODY = YES;
				CLANG_WARN_ENUM_CONVERSION = YES;
				CLANG_WARN_INFINITE_RECURSION = YES;
				CLANG_WARN_INT_CONVERSION = YES;
				CLANG_WARN_NON_LITERAL_NULL_CONVERSION = YES;
				CLANG_WARN_OBJC_IMPLICIT_RETAIN_SELF = YES;
				CLANG_WARN_OBJC_LITERAL_CONVERSION = YES;
				CLANG_WARN_OBJC_ROOT_CLASS = YES_ERROR;
				CLANG_WARN_QUOTED_INCLUDE_IN_FRAMEWORK_HEADER = YES;
				CLANG_WARN_RANGE_LOOP_ANALYSIS = YES;
				CLANG_WARN_STRICT_PROTOTYPES = YES;
				CLANG_WARN_SUSPICIOUS_MOVE = YES;
				CLANG_WARN_UNGUARDED_AVAILABILITY = YES_AGGRESSIVE;
				CLANG_WARN_UNREACHABLE_CODE = YES;
				CLANG_WARN__DUPLICATE_METHOD_MATCH = YES;
				COPY_PHASE_STRIP = NO;
				DEBUG_INFORMATION_FORMAT = "dwarf-with-dsym";
				ENABLE_NS_ASSERTIONS = NO;
				ENABLE_STRICT_OBJC_MSGSEND = YES;
				GCC_C_LANGUAGE_STANDARD = gnu11;
				GCC_NO_COMMON_BLOCKS = YES;
				GCC_WARN_64_TO_32_BIT_CONVERSION = YES;
				GCC_WARN_ABOUT_RETURN_TYPE = YES_ERROR;
				GCC_WARN_UNDECLARED_SELECTOR = YES;
				GCC_WARN_UNINITIALIZED_AUTOS = YES_AGGRESSIVE;
				GCC_WARN_UNUSED_FUNCTION = YES;
				GCC_WARN_UNUSED_VARIABLE = YES;
				IPHONEOS_DEPLOYMENT_TARGET = 16.0;
				MTL_ENABLE_DEBUG_INFO = NO;
				MTL_FAST_MATH = YES;
				SDKROOT = iphoneos;
				SWIFT_COMPILATION_MODE = wholemodule;
				SWIFT_OPTIMIZATION_LEVEL = "-O";
				VALIDATE_PRODUCT = YES;
			};
			name = Release;
		};
		014E14FD28E9292A00786655 /* Debug */ = {
			isa = XCBuildConfiguration;
			buildSettings = {
				ASSETCATALOG_COMPILER_APPICON_NAME = AppIcon;
				ASSETCATALOG_COMPILER_GLOBAL_ACCENT_COLOR_NAME = AccentColor;
				CODE_SIGN_STYLE = Automatic;
				CURRENT_PROJECT_VERSION = 1;
				DEVELOPMENT_ASSET_PATHS = "\"Dota Heroes SwiftUI/Preview Content\"";
				DEVELOPMENT_TEAM = XDB22KM8KS;
				ENABLE_PREVIEWS = YES;
				GENERATE_INFOPLIST_FILE = YES;
				INFOPLIST_KEY_UIApplicationSceneManifest_Generation = YES;
				INFOPLIST_KEY_UIApplicationSupportsIndirectInputEvents = YES;
				INFOPLIST_KEY_UILaunchScreen_Generation = YES;
				INFOPLIST_KEY_UISupportedInterfaceOrientations_iPad = "UIInterfaceOrientationPortrait UIInterfaceOrientationPortraitUpsideDown UIInterfaceOrientationLandscapeLeft UIInterfaceOrientationLandscapeRight";
				INFOPLIST_KEY_UISupportedInterfaceOrientations_iPhone = "UIInterfaceOrientationPortrait UIInterfaceOrientationLandscapeLeft UIInterfaceOrientationLandscapeRight";
				LD_RUNPATH_SEARCH_PATHS = (
					"$(inherited)",
					"@executable_path/Frameworks",
				);
				MARKETING_VERSION = 1.0;
				PRODUCT_BUNDLE_IDENTIFIER = "com.rraccoon.Dota-Heroes-SwiftUI";
				PRODUCT_NAME = "$(TARGET_NAME)";
				SWIFT_EMIT_LOC_STRINGS = YES;
				SWIFT_VERSION = 5.0;
				TARGETED_DEVICE_FAMILY = "1,2";
			};
			name = Debug;
		};
		014E14FE28E9292A00786655 /* Release */ = {
			isa = XCBuildConfiguration;
			buildSettings = {
				ASSETCATALOG_COMPILER_APPICON_NAME = AppIcon;
				ASSETCATALOG_COMPILER_GLOBAL_ACCENT_COLOR_NAME = AccentColor;
				CODE_SIGN_STYLE = Automatic;
				CURRENT_PROJECT_VERSION = 1;
				DEVELOPMENT_ASSET_PATHS = "\"Dota Heroes SwiftUI/Preview Content\"";
				DEVELOPMENT_TEAM = XDB22KM8KS;
				ENABLE_PREVIEWS = YES;
				GENERATE_INFOPLIST_FILE = YES;
				INFOPLIST_KEY_UIApplicationSceneManifest_Generation = YES;
				INFOPLIST_KEY_UIApplicationSupportsIndirectInputEvents = YES;
				INFOPLIST_KEY_UILaunchScreen_Generation = YES;
				INFOPLIST_KEY_UISupportedInterfaceOrientations_iPad = "UIInterfaceOrientationPortrait UIInterfaceOrientationPortraitUpsideDown UIInterfaceOrientationLandscapeLeft UIInterfaceOrientationLandscapeRight";
				INFOPLIST_KEY_UISupportedInterfaceOrientations_iPhone = "UIInterfaceOrientationPortrait UIInterfaceOrientationLandscapeLeft UIInterfaceOrientationLandscapeRight";
				LD_RUNPATH_SEARCH_PATHS = (
					"$(inherited)",
					"@executable_path/Frameworks",
				);
				MARKETING_VERSION = 1.0;
				PRODUCT_BUNDLE_IDENTIFIER = "com.rraccoon.Dota-Heroes-SwiftUI";
				PRODUCT_NAME = "$(TARGET_NAME)";
				SWIFT_EMIT_LOC_STRINGS = YES;
				SWIFT_VERSION = 5.0;
				TARGETED_DEVICE_FAMILY = "1,2";
			};
			name = Release;
		};
		014E150028E9292A00786655 /* Debug */ = {
			isa = XCBuildConfiguration;
			buildSettings = {
				ALWAYS_EMBED_SWIFT_STANDARD_LIBRARIES = YES;
				BUNDLE_LOADER = "$(TEST_HOST)";
				CODE_SIGN_STYLE = Automatic;
				CURRENT_PROJECT_VERSION = 1;
				DEVELOPMENT_TEAM = XDB22KM8KS;
				GENERATE_INFOPLIST_FILE = YES;
				IPHONEOS_DEPLOYMENT_TARGET = 16.0;
				MARKETING_VERSION = 1.0;
				PRODUCT_BUNDLE_IDENTIFIER = "com.rraccoon.Dota-Heroes-SwiftUITests";
				PRODUCT_NAME = "$(TARGET_NAME)";
				SWIFT_EMIT_LOC_STRINGS = NO;
				SWIFT_VERSION = 5.0;
				TARGETED_DEVICE_FAMILY = "1,2";
				TEST_HOST = "$(BUILT_PRODUCTS_DIR)/Dota Heroes SwiftUI.app/$(BUNDLE_EXECUTABLE_FOLDER_PATH)/Dota Heroes SwiftUI";
			};
			name = Debug;
		};
		014E150128E9292A00786655 /* Release */ = {
			isa = XCBuildConfiguration;
			buildSettings = {
				ALWAYS_EMBED_SWIFT_STANDARD_LIBRARIES = YES;
				BUNDLE_LOADER = "$(TEST_HOST)";
				CODE_SIGN_STYLE = Automatic;
				CURRENT_PROJECT_VERSION = 1;
				DEVELOPMENT_TEAM = XDB22KM8KS;
				GENERATE_INFOPLIST_FILE = YES;
				IPHONEOS_DEPLOYMENT_TARGET = 16.0;
				MARKETING_VERSION = 1.0;
				PRODUCT_BUNDLE_IDENTIFIER = "com.rraccoon.Dota-Heroes-SwiftUITests";
				PRODUCT_NAME = "$(TARGET_NAME)";
				SWIFT_EMIT_LOC_STRINGS = NO;
				SWIFT_VERSION = 5.0;
				TARGETED_DEVICE_FAMILY = "1,2";
				TEST_HOST = "$(BUILT_PRODUCTS_DIR)/Dota Heroes SwiftUI.app/$(BUNDLE_EXECUTABLE_FOLDER_PATH)/Dota Heroes SwiftUI";
			};
			name = Release;
		};
		014E150328E9292A00786655 /* Debug */ = {
			isa = XCBuildConfiguration;
			buildSettings = {
				ALWAYS_EMBED_SWIFT_STANDARD_LIBRARIES = YES;
				CODE_SIGN_STYLE = Automatic;
				CURRENT_PROJECT_VERSION = 1;
				DEVELOPMENT_TEAM = XDB22KM8KS;
				GENERATE_INFOPLIST_FILE = YES;
				MARKETING_VERSION = 1.0;
				PRODUCT_BUNDLE_IDENTIFIER = "com.rraccoon.Dota-Heroes-SwiftUIUITests";
				PRODUCT_NAME = "$(TARGET_NAME)";
				SWIFT_EMIT_LOC_STRINGS = NO;
				SWIFT_VERSION = 5.0;
				TARGETED_DEVICE_FAMILY = "1,2";
				TEST_TARGET_NAME = "Dota Heroes SwiftUI";
			};
			name = Debug;
		};
		014E150428E9292A00786655 /* Release */ = {
			isa = XCBuildConfiguration;
			buildSettings = {
				ALWAYS_EMBED_SWIFT_STANDARD_LIBRARIES = YES;
				CODE_SIGN_STYLE = Automatic;
				CURRENT_PROJECT_VERSION = 1;
				DEVELOPMENT_TEAM = XDB22KM8KS;
				GENERATE_INFOPLIST_FILE = YES;
				MARKETING_VERSION = 1.0;
				PRODUCT_BUNDLE_IDENTIFIER = "com.rraccoon.Dota-Heroes-SwiftUIUITests";
				PRODUCT_NAME = "$(TARGET_NAME)";
				SWIFT_EMIT_LOC_STRINGS = NO;
				SWIFT_VERSION = 5.0;
				TARGETED_DEVICE_FAMILY = "1,2";
				TEST_TARGET_NAME = "Dota Heroes SwiftUI";
			};
			name = Release;
		};
/* End XCBuildConfiguration section */

/* Begin XCConfigurationList section */
		014E14D328E9292900786655 /* Build configuration list for PBXProject "Dota Heroes SwiftUI" */ = {
			isa = XCConfigurationList;
			buildConfigurations = (
				014E14FA28E9292A00786655 /* Debug */,
				014E14FB28E9292A00786655 /* Release */,
			);
			defaultConfigurationIsVisible = 0;
			defaultConfigurationName = Release;
		};
		014E14FC28E9292A00786655 /* Build configuration list for PBXNativeTarget "Dota Heroes SwiftUI" */ = {
			isa = XCConfigurationList;
			buildConfigurations = (
				014E14FD28E9292A00786655 /* Debug */,
				014E14FE28E9292A00786655 /* Release */,
			);
			defaultConfigurationIsVisible = 0;
			defaultConfigurationName = Release;
		};
		014E14FF28E9292A00786655 /* Build configuration list for PBXNativeTarget "Dota Heroes SwiftUITests" */ = {
			isa = XCConfigurationList;
			buildConfigurations = (
				014E150028E9292A00786655 /* Debug */,
				014E150128E9292A00786655 /* Release */,
			);
			defaultConfigurationIsVisible = 0;
			defaultConfigurationName = Release;
		};
		014E150228E9292A00786655 /* Build configuration list for PBXNativeTarget "Dota Heroes SwiftUIUITests" */ = {
			isa = XCConfigurationList;
			buildConfigurations = (
				014E150328E9292A00786655 /* Debug */,
				014E150428E9292A00786655 /* Release */,
			);
			defaultConfigurationIsVisible = 0;
			defaultConfigurationName = Release;
		};
/* End XCConfigurationList section */
	};
	rootObject = 014E14D028E9292900786655 /* Project object */;
}
